{
  "name": "01",
  "version": "1.0.0",
  "lockfileVersion": 2,
  "requires": true,
  "packages": {
    "": {
      "name": "01",
      "version": "1.0.0",
      "license": "ISC",
      "devDependencies": {
        "@types/node": "^18.14.2"
      }
    },
    "node_modules/@types/node": {
      "version": "18.14.2",
      "dev": true,
      "license": "MIT"
    }
  },
  "dependencies": {
    "@types/node": {
      "version": "18.14.2",
      "dev": true
    }
  }
}
